// !$*UTF8*$!
{
	archiveVersion = 1;
	classes = {
	};
	objectVersion = 56;
	objects = {

/* Begin PBXBuildFile section */
		A3A0DC0F2D15175C00E0FBC0 /* AppDelegate.swift in Sources */ = {isa = PBXBuildFile; fileRef = A3A0DC0E2D15175C00E0FBC0 /* AppDelegate.swift */; };
		A3A0DC112D15175C00E0FBC0 /* SceneDelegate.swift in Sources */ = {isa = PBXBuildFile; fileRef = A3A0DC102D15175C00E0FBC0 /* SceneDelegate.swift */; };
		A3A0DC132D15175C00E0FBC0 /* ViewController.swift in Sources */ = {isa = PBXBuildFile; fileRef = A3A0DC122D15175C00E0FBC0 /* ViewController.swift */; };
		A3A0DC162D15175C00E0FBC0 /* Base in Resources */ = {isa = PBXBuildFile; fileRef = A3A0DC152D15175C00E0FBC0 /* Base */; };
		A3A0DC182D15175D00E0FBC0 /* Assets.xcassets in Resources */ = {isa = PBXBuildFile; fileRef = A3A0DC172D15175D00E0FBC0 /* Assets.xcassets */; };
		A3A0DC1B2D15175D00E0FBC0 /* Base in Resources */ = {isa = PBXBuildFile; fileRef = A3A0DC1A2D15175D00E0FBC0 /* Base */; };
		A3A0DC232D15176D00E0FBC0 /* obj_det_v2.mlpackage in Sources */ = {isa = PBXBuildFile; fileRef = A3A0DC222D15176D00E0FBC0 /* obj_det_v2.mlpackage */; };
		A3A0DC282D153FB100E0FBC0 /* UIImage+Extension.swift in Sources */ = {isa = PBXBuildFile; fileRef = A3A0DC272D153FB100E0FBC0 /* UIImage+Extension.swift */; };
		A3A0DC2A2D1540F100E0FBC0 /* MediaPicker.swift in Sources */ = {isa = PBXBuildFile; fileRef = A3A0DC292D1540F100E0FBC0 /* MediaPicker.swift */; };
		A3A0DC2C2D15466000E0FBC0 /* UIViewController+Extension.swift in Sources */ = {isa = PBXBuildFile; fileRef = A3A0DC2B2D15466000E0FBC0 /* UIViewController+Extension.swift */; };
		A3A0DC312D15650600E0FBC0 /* obj_dev_v1.mlpackage in Sources */ = {isa = PBXBuildFile; fileRef = A3A0DC302D15650600E0FBC0 /* obj_dev_v1.mlpackage */; };
		A3F11AD12D1AB10000B3EEBA /* emb_model.mlpackage in Sources */ = {isa = PBXBuildFile; fileRef = A3F11AD02D1AB10000B3EEBA /* emb_model.mlpackage */; };
		A3F11AD32D1AB7C900B3EEBA /* ObjectDetector.swift in Sources */ = {isa = PBXBuildFile; fileRef = A3F11AD22D1AB7C000B3EEBA /* ObjectDetector.swift */; };
		A3F11AD72D1CE7C300B3EEBA /* ImagePickerCell.swift in Sources */ = {isa = PBXBuildFile; fileRef = A3F11AD62D1CE7BB00B3EEBA /* ImagePickerCell.swift */; };
		A3F11B082D1E374500B3EEBA /* ObjectVectorModel.swift in Sources */ = {isa = PBXBuildFile; fileRef = A3F11B072D1E373400B3EEBA /* ObjectVectorModel.swift */; };
/* End PBXBuildFile section */

/* Begin PBXFileReference section */
		A3A0DC0B2D15175C00E0FBC0 /* CoreMLTest.app */ = {isa = PBXFileReference; explicitFileType = wrapper.application; includeInIndex = 0; path = CoreMLTest.app; sourceTree = BUILT_PRODUCTS_DIR; };
		A3A0DC0E2D15175C00E0FBC0 /* AppDelegate.swift */ = {isa = PBXFileReference; lastKnownFileType = sourcecode.swift; path = AppDelegate.swift; sourceTree = "<group>"; };
		A3A0DC102D15175C00E0FBC0 /* SceneDelegate.swift */ = {isa = PBXFileReference; lastKnownFileType = sourcecode.swift; path = SceneDelegate.swift; sourceTree = "<group>"; };
		A3A0DC122D15175C00E0FBC0 /* ViewController.swift */ = {isa = PBXFileReference; lastKnownFileType = sourcecode.swift; path = ViewController.swift; sourceTree = "<group>"; };
		A3A0DC152D15175C00E0FBC0 /* Base */ = {isa = PBXFileReference; lastKnownFileType = file.storyboard; name = Base; path = Base.lproj/Main.storyboard; sourceTree = "<group>"; };
		A3A0DC172D15175D00E0FBC0 /* Assets.xcassets */ = {isa = PBXFileReference; lastKnownFileType = folder.assetcatalog; path = Assets.xcassets; sourceTree = "<group>"; };
		A3A0DC1A2D15175D00E0FBC0 /* Base */ = {isa = PBXFileReference; lastKnownFileType = file.storyboard; name = Base; path = Base.lproj/LaunchScreen.storyboard; sourceTree = "<group>"; };
		A3A0DC1C2D15175D00E0FBC0 /* Info.plist */ = {isa = PBXFileReference; lastKnownFileType = text.plist.xml; path = Info.plist; sourceTree = "<group>"; };
		A3A0DC222D15176D00E0FBC0 /* obj_det_v2.mlpackage */ = {isa = PBXFileReference; lastKnownFileType = folder.mlpackage; path = obj_det_v2.mlpackage; sourceTree = "<group>"; };
		A3A0DC272D153FB100E0FBC0 /* UIImage+Extension.swift */ = {isa = PBXFileReference; lastKnownFileType = sourcecode.swift; path = "UIImage+Extension.swift"; sourceTree = "<group>"; };
		A3A0DC292D1540F100E0FBC0 /* MediaPicker.swift */ = {isa = PBXFileReference; lastKnownFileType = sourcecode.swift; path = MediaPicker.swift; sourceTree = "<group>"; };
		A3A0DC2B2D15466000E0FBC0 /* UIViewController+Extension.swift */ = {isa = PBXFileReference; lastKnownFileType = sourcecode.swift; path = "UIViewController+Extension.swift"; sourceTree = "<group>"; };
		A3A0DC302D15650600E0FBC0 /* obj_dev_v1.mlpackage */ = {isa = PBXFileReference; lastKnownFileType = folder.mlpackage; path = obj_dev_v1.mlpackage; sourceTree = "<group>"; };
		A3F11AD02D1AB10000B3EEBA /* emb_model.mlpackage */ = {isa = PBXFileReference; lastKnownFileType = folder.mlpackage; path = emb_model.mlpackage; sourceTree = "<group>"; };
		A3F11AD22D1AB7C000B3EEBA /* ObjectDetector.swift */ = {isa = PBXFileReference; lastKnownFileType = sourcecode.swift; path = ObjectDetector.swift; sourceTree = "<group>"; };
		A3F11AD62D1CE7BB00B3EEBA /* ImagePickerCell.swift */ = {isa = PBXFileReference; lastKnownFileType = sourcecode.swift; path = ImagePickerCell.swift; sourceTree = "<group>"; };
		A3F11B072D1E373400B3EEBA /* ObjectVectorModel.swift */ = {isa = PBXFileReference; lastKnownFileType = sourcecode.swift; path = ObjectVectorModel.swift; sourceTree = "<group>"; };
/* End PBXFileReference section */

/* Begin PBXFrameworksBuildPhase section */
		A3A0DC082D15175C00E0FBC0 /* Frameworks */ = {
			isa = PBXFrameworksBuildPhase;
			buildActionMask = 2147483647;
			files = (
			);
			runOnlyForDeploymentPostprocessing = 0;
		};
/* End PBXFrameworksBuildPhase section */

/* Begin PBXGroup section */
		A35A8CDD2D23DD5F00D2F42D /* mlPackages */ = {
			isa = PBXGroup;
			children = (
				A3A0DC302D15650600E0FBC0 /* obj_dev_v1.mlpackage */,
				A3A0DC222D15176D00E0FBC0 /* obj_det_v2.mlpackage */,
				A3F11AD02D1AB10000B3EEBA /* emb_model.mlpackage */,
			);
			path = mlPackages;
			sourceTree = "<group>";
		};
		A3A0DC022D15175C00E0FBC0 = {
			isa = PBXGroup;
			children = (
				A3A0DC0D2D15175C00E0FBC0 /* CoreMLTest */,
				A3A0DC0C2D15175C00E0FBC0 /* Products */,
			);
			sourceTree = "<group>";
		};
		A3A0DC0C2D15175C00E0FBC0 /* Products */ = {
			isa = PBXGroup;
			children = (
				A3A0DC0B2D15175C00E0FBC0 /* CoreMLTest.app */,
			);
			name = Products;
			sourceTree = "<group>";
		};
		A3A0DC0D2D15175C00E0FBC0 /* CoreMLTest */ = {
			isa = PBXGroup;
			children = (
				A3A0DC0E2D15175C00E0FBC0 /* AppDelegate.swift */,
				A3A0DC102D15175C00E0FBC0 /* SceneDelegate.swift */,
				A35A8CDD2D23DD5F00D2F42D /* mlPackages */,
				A3A0DC122D15175C00E0FBC0 /* ViewController.swift */,
				A3F11AD62D1CE7BB00B3EEBA /* ImagePickerCell.swift */,
				A3F11AD22D1AB7C000B3EEBA /* ObjectDetector.swift */,
				A3F11B072D1E373400B3EEBA /* ObjectVectorModel.swift */,
				A3A0DC292D1540F100E0FBC0 /* MediaPicker.swift */,
				A3A0DC262D153F9600E0FBC0 /* extensions */,
				A3A0DC142D15175C00E0FBC0 /* Main.storyboard */,
				A3A0DC172D15175D00E0FBC0 /* Assets.xcassets */,
				A3A0DC192D15175D00E0FBC0 /* LaunchScreen.storyboard */,
				A3A0DC1C2D15175D00E0FBC0 /* Info.plist */,
			);
			path = CoreMLTest;
			sourceTree = "<group>";
		};
		A3A0DC262D153F9600E0FBC0 /* extensions */ = {
			isa = PBXGroup;
			children = (
				A3A0DC272D153FB100E0FBC0 /* UIImage+Extension.swift */,
				A3A0DC2B2D15466000E0FBC0 /* UIViewController+Extension.swift */,
			);
			path = extensions;
			sourceTree = "<group>";
		};
/* End PBXGroup section */

/* Begin PBXNativeTarget section */
		A3A0DC0A2D15175C00E0FBC0 /* CoreMLTest */ = {
			isa = PBXNativeTarget;
			buildConfigurationList = A3A0DC1F2D15175D00E0FBC0 /* Build configuration list for PBXNativeTarget "CoreMLTest" */;
			buildPhases = (
				A3A0DC072D15175C00E0FBC0 /* Sources */,
				A3A0DC082D15175C00E0FBC0 /* Frameworks */,
				A3A0DC092D15175C00E0FBC0 /* Resources */,
			);
			buildRules = (
			);
			dependencies = (
			);
			name = CoreMLTest;
			productName = CoreMLTest;
			productReference = A3A0DC0B2D15175C00E0FBC0 /* CoreMLTest.app */;
			productType = "com.apple.product-type.application";
		};
/* End PBXNativeTarget section */

/* Begin PBXProject section */
		A3A0DC032D15175C00E0FBC0 /* Project object */ = {
			isa = PBXProject;
			attributes = {
				BuildIndependentTargetsInParallel = 1;
				LastSwiftUpdateCheck = 1540;
				LastUpgradeCheck = 1540;
				TargetAttributes = {
					A3A0DC0A2D15175C00E0FBC0 = {
						CreatedOnToolsVersion = 15.4;
					};
				};
			};
			buildConfigurationList = A3A0DC062D15175C00E0FBC0 /* Build configuration list for PBXProject "CoreMLTest" */;
			compatibilityVersion = "Xcode 14.0";
			developmentRegion = en;
			hasScannedForEncodings = 0;
			knownRegions = (
				en,
				Base,
			);
			mainGroup = A3A0DC022D15175C00E0FBC0;
			productRefGroup = A3A0DC0C2D15175C00E0FBC0 /* Products */;
			projectDirPath = "";
			projectRoot = "";
			targets = (
				A3A0DC0A2D15175C00E0FBC0 /* CoreMLTest */,
			);
		};
/* End PBXProject section */

/* Begin PBXResourcesBuildPhase section */
		A3A0DC092D15175C00E0FBC0 /* Resources */ = {
			isa = PBXResourcesBuildPhase;
			buildActionMask = 2147483647;
			files = (
				A3A0DC182D15175D00E0FBC0 /* Assets.xcassets in Resources */,
				A3A0DC1B2D15175D00E0FBC0 /* Base in Resources */,
				A3A0DC162D15175C00E0FBC0 /* Base in Resources */,
			);
			runOnlyForDeploymentPostprocessing = 0;
		};
/* End PBXResourcesBuildPhase section */

/* Begin PBXSourcesBuildPhase section */
		A3A0DC072D15175C00E0FBC0 /* Sources */ = {
			isa = PBXSourcesBuildPhase;
			buildActionMask = 2147483647;
			files = (
				A3A0DC132D15175C00E0FBC0 /* ViewController.swift in Sources */,
				A3A0DC232D15176D00E0FBC0 /* obj_det_v2.mlpackage in Sources */,
				A3A0DC282D153FB100E0FBC0 /* UIImage+Extension.swift in Sources */,
				A3A0DC0F2D15175C00E0FBC0 /* AppDelegate.swift in Sources */,
				A3F11AD32D1AB7C900B3EEBA /* ObjectDetector.swift in Sources */,
				A3A0DC2C2D15466000E0FBC0 /* UIViewController+Extension.swift in Sources */,
				A3A0DC2A2D1540F100E0FBC0 /* MediaPicker.swift in Sources */,
				A3F11AD12D1AB10000B3EEBA /* emb_model.mlpackage in Sources */,
				A3F11AD72D1CE7C300B3EEBA /* ImagePickerCell.swift in Sources */,
				A3F11B082D1E374500B3EEBA /* ObjectVectorModel.swift in Sources */,
				A3A0DC312D15650600E0FBC0 /* obj_dev_v1.mlpackage in Sources */,
				A3A0DC112D15175C00E0FBC0 /* SceneDelegate.swift in Sources */,
			);
			runOnlyForDeploymentPostprocessing = 0;
		};
/* End PBXSourcesBuildPhase section */

/* Begin PBXVariantGroup section */
		A3A0DC142D15175C00E0FBC0 /* Main.storyboard */ = {
			isa = PBXVariantGroup;
			children = (
				A3A0DC152D15175C00E0FBC0 /* Base */,
			);
			name = Main.storyboard;
			sourceTree = "<group>";
		};
		A3A0DC192D15175D00E0FBC0 /* LaunchScreen.storyboard */ = {
			isa = PBXVariantGroup;
			children = (
				A3A0DC1A2D15175D00E0FBC0 /* Base */,
			);
			name = LaunchScreen.storyboard;
			sourceTree = "<group>";
		};
/* End PBXVariantGroup section */

/* Begin XCBuildConfiguration section */
		A3A0DC1D2D15175D00E0FBC0 /* Debug */ = {
			isa = XCBuildConfiguration;
			buildSettings = {
				ALWAYS_SEARCH_USER_PATHS = NO;
				ASSETCATALOG_COMPILER_GENERATE_SWIFT_ASSET_SYMBOL_EXTENSIONS = YES;
				CLANG_ANALYZER_NONNULL = YES;
				CLANG_ANALYZER_NUMBER_OBJECT_CONVERSION = YES_AGGRESSIVE;
				CLANG_CXX_LANGUAGE_STANDARD = "gnu++20";
				CLANG_ENABLE_MODULES = YES;
				CLANG_ENABLE_OBJC_ARC = YES;
				CLANG_ENABLE_OBJC_WEAK = YES;
				CLANG_WARN_BLOCK_CAPTURE_AUTORELEASING = YES;
				CLANG_WARN_BOOL_CONVERSION = YES;
				CLANG_WARN_COMMA = YES;
				CLANG_WARN_CONSTANT_CONVERSION = YES;
				CLANG_WARN_DEPRECATED_OBJC_IMPLEMENTATIONS = YES;
				CLANG_WARN_DIRECT_OBJC_ISA_USAGE = YES_ERROR;
				CLANG_WARN_DOCUMENTATION_COMMENTS = YES;
				CLANG_WARN_EMPTY_BODY = YES;
				CLANG_WARN_ENUM_CONVERSION = YES;
				CLANG_WARN_INFINITE_RECURSION = YES;
				CLANG_WARN_INT_CONVERSION = YES;
				CLANG_WARN_NON_LITERAL_NULL_CONVERSION = YES;
				CLANG_WARN_OBJC_IMPLICIT_RETAIN_SELF = YES;
				CLANG_WARN_OBJC_LITERAL_CONVERSION = YES;
				CLANG_WARN_OBJC_ROOT_CLASS = YES_ERROR;
				CLANG_WARN_QUOTED_INCLUDE_IN_FRAMEWORK_HEADER = YES;
				CLANG_WARN_RANGE_LOOP_ANALYSIS = YES;
				CLANG_WARN_STRICT_PROTOTYPES = YES;
				CLANG_WARN_SUSPICIOUS_MOVE = YES;
				CLANG_WARN_UNGUARDED_AVAILABILITY = YES_AGGRESSIVE;
				CLANG_WARN_UNREACHABLE_CODE = YES;
				CLANG_WARN__DUPLICATE_METHOD_MATCH = YES;
				COPY_PHASE_STRIP = NO;
				DEBUG_INFORMATION_FORMAT = dwarf;
				ENABLE_STRICT_OBJC_MSGSEND = YES;
				ENABLE_TESTABILITY = YES;
				ENABLE_USER_SCRIPT_SANDBOXING = YES;
				GCC_C_LANGUAGE_STANDARD = gnu17;
				GCC_DYNAMIC_NO_PIC = NO;
				GCC_NO_COMMON_BLOCKS = YES;
				GCC_OPTIMIZATION_LEVEL = 0;
				GCC_PREPROCESSOR_DEFINITIONS = (
					"DEBUG=1",
					"$(inherited)",
				);
				GCC_WARN_64_TO_32_BIT_CONVERSION = YES;
				GCC_WARN_ABOUT_RETURN_TYPE = YES_ERROR;
				GCC_WARN_UNDECLARED_SELECTOR = YES;
				GCC_WARN_UNINITIALIZED_AUTOS = YES_AGGRESSIVE;
				GCC_WARN_UNUSED_FUNCTION = YES;
				GCC_WARN_UNUSED_VARIABLE = YES;
				IPHONEOS_DEPLOYMENT_TARGET = 17.5;
				LOCALIZATION_PREFERS_STRING_CATALOGS = YES;
				MTL_ENABLE_DEBUG_INFO = INCLUDE_SOURCE;
				MTL_FAST_MATH = YES;
				ONLY_ACTIVE_ARCH = YES;
				SDKROOT = iphoneos;
				SWIFT_ACTIVE_COMPILATION_CONDITIONS = "DEBUG $(inherited)";
				SWIFT_OPTIMIZATION_LEVEL = "-Onone";
			};
			name = Debug;
		};
		A3A0DC1E2D15175D00E0FBC0 /* Release */ = {
			isa = XCBuildConfiguration;
			buildSettings = {
				ALWAYS_SEARCH_USER_PATHS = NO;
				ASSETCATALOG_COMPILER_GENERATE_SWIFT_ASSET_SYMBOL_EXTENSIONS = YES;
				CLANG_ANALYZER_NONNULL = YES;
				CLANG_ANALYZER_NUMBER_OBJECT_CONVERSION = YES_AGGRESSIVE;
				CLANG_CXX_LANGUAGE_STANDARD = "gnu++20";
				CLANG_ENABLE_MODULES = YES;
				CLANG_ENABLE_OBJC_ARC = YES;
				CLANG_ENABLE_OBJC_WEAK = YES;
				CLANG_WARN_BLOCK_CAPTURE_AUTORELEASING = YES;
				CLANG_WARN_BOOL_CONVERSION = YES;
				CLANG_WARN_COMMA = YES;
				CLANG_WARN_CONSTANT_CONVERSION = YES;
				CLANG_WARN_DEPRECATED_OBJC_IMPLEMENTATIONS = YES;
				CLANG_WARN_DIRECT_OBJC_ISA_USAGE = YES_ERROR;
				CLANG_WARN_DOCUMENTATION_COMMENTS = YES;
				CLANG_WARN_EMPTY_BODY = YES;
				CLANG_WARN_ENUM_CONVERSION = YES;
				CLANG_WARN_INFINITE_RECURSION = YES;
				CLANG_WARN_INT_CONVERSION = YES;
				CLANG_WARN_NON_LITERAL_NULL_CONVERSION = YES;
				CLANG_WARN_OBJC_IMPLICIT_RETAIN_SELF = YES;
				CLANG_WARN_OBJC_LITERAL_CONVERSION = YES;
				CLANG_WARN_OBJC_ROOT_CLASS = YES_ERROR;
				CLANG_WARN_QUOTED_INCLUDE_IN_FRAMEWORK_HEADER = YES;
				CLANG_WARN_RANGE_LOOP_ANALYSIS = YES;
				CLANG_WARN_STRICT_PROTOTYPES = YES;
				CLANG_WARN_SUSPICIOUS_MOVE = YES;
				CLANG_WARN_UNGUARDED_AVAILABILITY = YES_AGGRESSIVE;
				CLANG_WARN_UNREACHABLE_CODE = YES;
				CLANG_WARN__DUPLICATE_METHOD_MATCH = YES;
				COPY_PHASE_STRIP = NO;
				DEBUG_INFORMATION_FORMAT = "dwarf-with-dsym";
				ENABLE_NS_ASSERTIONS = NO;
				ENABLE_STRICT_OBJC_MSGSEND = YES;
				ENABLE_USER_SCRIPT_SANDBOXING = YES;
				GCC_C_LANGUAGE_STANDARD = gnu17;
				GCC_NO_COMMON_BLOCKS = YES;
				GCC_WARN_64_TO_32_BIT_CONVERSION = YES;
				GCC_WARN_ABOUT_RETURN_TYPE = YES_ERROR;
				GCC_WARN_UNDECLARED_SELECTOR = YES;
				GCC_WARN_UNINITIALIZED_AUTOS = YES_AGGRESSIVE;
				GCC_WARN_UNUSED_FUNCTION = YES;
				GCC_WARN_UNUSED_VARIABLE = YES;
				IPHONEOS_DEPLOYMENT_TARGET = 17.5;
				LOCALIZATION_PREFERS_STRING_CATALOGS = YES;
				MTL_ENABLE_DEBUG_INFO = NO;
				MTL_FAST_MATH = YES;
				SDKROOT = iphoneos;
				SWIFT_COMPILATION_MODE = wholemodule;
				VALIDATE_PRODUCT = YES;
			};
			name = Release;
		};
		A3A0DC202D15175D00E0FBC0 /* Debug */ = {
			isa = XCBuildConfiguration;
			buildSettings = {
				ASSETCATALOG_COMPILER_APPICON_NAME = AppIcon;
				ASSETCATALOG_COMPILER_GLOBAL_ACCENT_COLOR_NAME = AccentColor;
				CODE_SIGN_STYLE = Automatic;
				COREML_CODEGEN_LANGUAGE = Swift;
				COREML_CODEGEN_SWIFT_GLOBAL_MODULE = YES;
				CURRENT_PROJECT_VERSION = 1;
				DEVELOPMENT_TEAM = 4X6D3J7DWP;
				GENERATE_INFOPLIST_FILE = YES;
				INFOPLIST_FILE = CoreMLTest/Info.plist;
				INFOPLIST_KEY_UIApplicationSupportsIndirectInputEvents = YES;
				INFOPLIST_KEY_UILaunchStoryboardName = LaunchScreen;
				INFOPLIST_KEY_UIMainStoryboardFile = Main;
				INFOPLIST_KEY_UISupportedInterfaceOrientations_iPad = "UIInterfaceOrientationPortrait UIInterfaceOrientationPortraitUpsideDown UIInterfaceOrientationLandscapeLeft UIInterfaceOrientationLandscapeRight";
				INFOPLIST_KEY_UISupportedInterfaceOrientations_iPhone = "UIInterfaceOrientationPortrait UIInterfaceOrientationLandscapeLeft UIInterfaceOrientationLandscapeRight";
				LD_RUNPATH_SEARCH_PATHS = (
					"$(inherited)",
					"@executable_path/Frameworks",
				);
				MARKETING_VERSION = 1.0;
				PRODUCT_BUNDLE_IDENTIFIER = com.lukeli.CoreMLTest;
				PRODUCT_NAME = "$(TARGET_NAME)";
				SWIFT_EMIT_LOC_STRINGS = YES;
				SWIFT_VERSION = 5.0;
				TARGETED_DEVICE_FAMILY = "1,2";
			};
			name = Debug;
		};
		A3A0DC212D15175D00E0FBC0 /* Release */ = {
			isa = XCBuildConfiguration;
			buildSettings = {
				ASSETCATALOG_COMPILER_APPICON_NAME = AppIcon;
				ASSETCATALOG_COMPILER_GLOBAL_ACCENT_COLOR_NAME = AccentColor;
				CODE_SIGN_STYLE = Automatic;
				COREML_CODEGEN_LANGUAGE = Swift;
				COREML_CODEGEN_SWIFT_GLOBAL_MODULE = YES;
				CURRENT_PROJECT_VERSION = 1;
				DEVELOPMENT_TEAM = 4X6D3J7DWP;
				GENERATE_INFOPLIST_FILE = YES;
				INFOPLIST_FILE = CoreMLTest/Info.plist;
				INFOPLIST_KEY_UIApplicationSupportsIndirectInputEvents = YES;
				INFOPLIST_KEY_UILaunchStoryboardName = LaunchScreen;
				INFOPLIST_KEY_UIMainStoryboardFile = Main;
				INFOPLIST_KEY_UISupportedInterfaceOrientations_iPad = "UIInterfaceOrientationPortrait UIInterfaceOrientationPortraitUpsideDown UIInterfaceOrientationLandscapeLeft UIInterfaceOrientationLandscapeRight";
				INFOPLIST_KEY_UISupportedInterfaceOrientations_iPhone = "UIInterfaceOrientationPortrait UIInterfaceOrientationLandscapeLeft UIInterfaceOrientationLandscapeRight";
				LD_RUNPATH_SEARCH_PATHS = (
					"$(inherited)",
					"@executable_path/Frameworks",
				);
				MARKETING_VERSION = 1.0;
				PRODUCT_BUNDLE_IDENTIFIER = com.lukeli.CoreMLTest;
				PRODUCT_NAME = "$(TARGET_NAME)";
				SWIFT_EMIT_LOC_STRINGS = YES;
				SWIFT_VERSION = 5.0;
				TARGETED_DEVICE_FAMILY = "1,2";
			};
			name = Release;
		};
/* End XCBuildConfiguration section */

/* Begin XCConfigurationList section */
		A3A0DC062D15175C00E0FBC0 /* Build configuration list for PBXProject "CoreMLTest" */ = {
			isa = XCConfigurationList;
			buildConfigurations = (
				A3A0DC1D2D15175D00E0FBC0 /* Debug */,
				A3A0DC1E2D15175D00E0FBC0 /* Release */,
			);
			defaultConfigurationIsVisible = 0;
			defaultConfigurationName = Release;
		};
		A3A0DC1F2D15175D00E0FBC0 /* Build configuration list for PBXNativeTarget "CoreMLTest" */ = {
			isa = XCConfigurationList;
			buildConfigurations = (
				A3A0DC202D15175D00E0FBC0 /* Debug */,
				A3A0DC212D15175D00E0FBC0 /* Release */,
			);
			defaultConfigurationIsVisible = 0;
			defaultConfigurationName = Release;
		};
/* End XCConfigurationList section */
	};
	rootObject = A3A0DC032D15175C00E0FBC0 /* Project object */;
}
